
Microsoft Visual Studio Solution File, Format Version 12.00
# Visual Studio Version 17
VisualStudioVersion = 17.0.31903.59
MinimumVisualStudioVersion = 10.0.40219.1
Project("{FAE04EC0-301F-11D3-BF4B-00C04F79EFBC}") = "OpenClosedPrinciple", "OpenClosedPrinciple\OpenClosedPrinciple.csproj", "{DB37760F-F572-411C-B7AE-2F07B4E0A9EB}"
EndProject
Global
	GlobalSection(SolutionConfigurationPlatforms) = preSolution
		Debug|Any CPU = Debug|Any CPU
		Release|Any CPU = Release|Any CPU
	EndGlobalSection
	GlobalSection(SolutionProperties) = preSolution
		HideSolutionNode = FALSE
	EndGlobalSection
	GlobalSection(ProjectConfigurationPlatforms) = postSolution
		{DB37760F-F572-411C-B7AE-2F07B4E0A9EB}.Debug|Any CPU.ActiveCfg = Debug|Any CPU
		{DB37760F-F572-411C-B7AE-2F07B4E0A9EB}.Debug|Any CPU.Build.0 = Debug|Any CPU
		{DB37760F-F572-411C-B7AE-2F07B4E0A9EB}.Release|Any CPU.ActiveCfg = Release|Any CPU
		{DB37760F-F572-411C-B7AE-2F07B4E0A9EB}.Release|Any CPU.Build.0 = Release|Any CPU
	EndGlobalSection
EndGlobal
